
Microsoft Visual Studio Solution File, Format Version 12.00
# Visual Studio 15
Project("{FAE04EC0-301F-11D3-BF4B-00C04F79EFBC}") = "FormExample", "FormExample\FormExample.csproj", "{DEDA6ACC-9529-448A-A8C4-EA1C99F988F7}"
EndProject
Global
	GlobalSection(SolutionConfigurationPlatforms) = preSolution
		Debug|Any CPU = Debug|Any CPU
		Release|Any CPU = Release|Any CPU
	EndGlobalSection
	GlobalSection(ProjectConfigurationPlatforms) = postSolution
		{DEDA6ACC-9529-448A-A8C4-EA1C99F988F7}.Debug|Any CPU.ActiveCfg = Debug|Any CPU
		{DEDA6ACC-9529-448A-A8C4-EA1C99F988F7}.Debug|Any CPU.Build.0 = Debug|Any CPU
		{DEDA6ACC-9529-448A-A8C4-EA1C99F988F7}.Release|Any CPU.ActiveCfg = Release|Any CPU
		{DEDA6ACC-9529-448A-A8C4-EA1C99F988F7}.Release|Any CPU.Build.0 = Release|Any CPU
	EndGlobalSection
EndGlobal
