
Microsoft Visual Studio Solution File, Format Version 12.00
# Visual Studio 15
Project("{FAE04EC0-301F-11D3-BF4B-00C04F79EFBC}") = "Console", "Console\Console.csproj", "{5CF6B8A6-F2BA-4F22-986E-38EF39C67181}"
EndProject
Global
	GlobalSection(SolutionConfigurationPlatforms) = preSolution
		Debug|Any CPU = Debug|Any CPU
		Release|Any CPU = Release|Any CPU
	EndGlobalSection
	GlobalSection(ProjectConfigurationPlatforms) = postSolution
		{5CF6B8A6-F2BA-4F22-986E-38EF39C67181}.Debug|Any CPU.ActiveCfg = Debug|Any CPU
		{5CF6B8A6-F2BA-4F22-986E-38EF39C67181}.Debug|Any CPU.Build.0 = Debug|Any CPU
		{5CF6B8A6-F2BA-4F22-986E-38EF39C67181}.Release|Any CPU.ActiveCfg = Release|Any CPU
		{5CF6B8A6-F2BA-4F22-986E-38EF39C67181}.Release|Any CPU.Build.0 = Release|Any CPU
	EndGlobalSection
EndGlobal
